PODS:
  - MessengerDog (1.0.0)

DEPENDENCIES:
  - MessengerDog (from `/Users/lion/sourcetree-workspace/librarys/MessengerDog`)

EXTERNAL SOURCES:
  MessengerDog:
    :path: "/Users/lion/sourcetree-workspace/librarys/MessengerDog"

SPEC CHECKSUMS:
  MessengerDog: 282617d24671e1a79fe9bad43203b3983012fa1e

PODFILE CHECKSUM: ebfdce068c4ea035afd9d3aab3a302a476509b36

COCOAPODS: 1.12.1
